
Microsoft Visual Studio Solution File, Format Version 12.00
# Visual Studio Version 17
VisualStudioVersion = 17.14.36327.8 d17.14
MinimumVisualStudioVersion = 10.0.40219.1
Project("{FAE04EC0-301F-11D3-BF4B-00C04F79EFBC}") = "7.OperadorTernario", "7.OperadorTernario\7.OperadorTernario.csproj", "{F0A37485-FCA4-455A-BEE8-43461B03F2C5}"
EndProject
Global
	GlobalSection(SolutionConfigurationPlatforms) = preSolution
		Debug|Any CPU = Debug|Any CPU
		Release|Any CPU = Release|Any CPU
	EndGlobalSection
	GlobalSection(ProjectConfigurationPlatforms) = postSolution
		{F0A37485-FCA4-455A-BEE8-43461B03F2C5}.Debug|Any CPU.ActiveCfg = Debug|Any CPU
		{F0A37485-FCA4-455A-BEE8-43461B03F2C5}.Debug|Any CPU.Build.0 = Debug|Any CPU
		{F0A37485-FCA4-455A-BEE8-43461B03F2C5}.Release|Any CPU.ActiveCfg = Release|Any CPU
		{F0A37485-FCA4-455A-BEE8-43461B03F2C5}.Release|Any CPU.Build.0 = Release|Any CPU
	EndGlobalSection
	GlobalSection(SolutionProperties) = preSolution
		HideSolutionNode = FALSE
	EndGlobalSection
	GlobalSection(ExtensibilityGlobals) = postSolution
		SolutionGuid = {F14BA4EE-8063-43CC-825E-CF4E7D095071}
	EndGlobalSection
EndGlobal
