
Microsoft Visual Studio Solution File, Format Version 12.00
# Visual Studio Version 17
VisualStudioVersion = 17.14.36327.8 d17.14
MinimumVisualStudioVersion = 10.0.40219.1
Project("{FAE04EC0-301F-11D3-BF4B-00C04F79EFBC}") = "26.Matrices", "26.Matrices\26.Matrices.csproj", "{EA6A714C-1F04-4417-B909-DD1AFFCCFCD6}"
EndProject
Global
	GlobalSection(SolutionConfigurationPlatforms) = preSolution
		Debug|Any CPU = Debug|Any CPU
		Release|Any CPU = Release|Any CPU
	EndGlobalSection
	GlobalSection(ProjectConfigurationPlatforms) = postSolution
		{EA6A714C-1F04-4417-B909-DD1AFFCCFCD6}.Debug|Any CPU.ActiveCfg = Debug|Any CPU
		{EA6A714C-1F04-4417-B909-DD1AFFCCFCD6}.Debug|Any CPU.Build.0 = Debug|Any CPU
		{EA6A714C-1F04-4417-B909-DD1AFFCCFCD6}.Release|Any CPU.ActiveCfg = Release|Any CPU
		{EA6A714C-1F04-4417-B909-DD1AFFCCFCD6}.Release|Any CPU.Build.0 = Release|Any CPU
	EndGlobalSection
	GlobalSection(SolutionProperties) = preSolution
		HideSolutionNode = FALSE
	EndGlobalSection
	GlobalSection(ExtensibilityGlobals) = postSolution
		SolutionGuid = {1AC399DC-9D9D-4EF3-8035-5C2219077EA8}
	EndGlobalSection
EndGlobal
