
Microsoft Visual Studio Solution File, Format Version 12.00
# Visual Studio Version 17
VisualStudioVersion = 17.14.36327.8 d17.14
MinimumVisualStudioVersion = 10.0.40219.1
Project("{FAE04EC0-301F-11D3-BF4B-00C04F79EFBC}") = "2.Operadores", "2.Operadores\2.Operadores.csproj", "{28AC5C37-6E39-4F0D-BF34-A0C5D95E03EC}"
EndProject
Global
	GlobalSection(SolutionConfigurationPlatforms) = preSolution
		Debug|Any CPU = Debug|Any CPU
		Release|Any CPU = Release|Any CPU
	EndGlobalSection
	GlobalSection(ProjectConfigurationPlatforms) = postSolution
		{28AC5C37-6E39-4F0D-BF34-A0C5D95E03EC}.Debug|Any CPU.ActiveCfg = Debug|Any CPU
		{28AC5C37-6E39-4F0D-BF34-A0C5D95E03EC}.Debug|Any CPU.Build.0 = Debug|Any CPU
		{28AC5C37-6E39-4F0D-BF34-A0C5D95E03EC}.Release|Any CPU.ActiveCfg = Release|Any CPU
		{28AC5C37-6E39-4F0D-BF34-A0C5D95E03EC}.Release|Any CPU.Build.0 = Release|Any CPU
	EndGlobalSection
	GlobalSection(SolutionProperties) = preSolution
		HideSolutionNode = FALSE
	EndGlobalSection
	GlobalSection(ExtensibilityGlobals) = postSolution
		SolutionGuid = {E2DF2D21-D920-402A-BF26-D44B190C9DBC}
	EndGlobalSection
EndGlobal
