
Microsoft Visual Studio Solution File, Format Version 12.00
# Visual Studio Version 17
VisualStudioVersion = 17.14.36327.8 d17.14
MinimumVisualStudioVersion = 10.0.40219.1
Project("{FAE04EC0-301F-11D3-BF4B-00C04F79EFBC}") = "5.CondicionalAnidado", "5.CondicionalAnidado\5.CondicionalAnidado.csproj", "{C0D7672D-1ACE-4947-9783-3DE641BCD024}"
EndProject
Global
	GlobalSection(SolutionConfigurationPlatforms) = preSolution
		Debug|Any CPU = Debug|Any CPU
		Release|Any CPU = Release|Any CPU
	EndGlobalSection
	GlobalSection(ProjectConfigurationPlatforms) = postSolution
		{C0D7672D-1ACE-4947-9783-3DE641BCD024}.Debug|Any CPU.ActiveCfg = Debug|Any CPU
		{C0D7672D-1ACE-4947-9783-3DE641BCD024}.Debug|Any CPU.Build.0 = Debug|Any CPU
		{C0D7672D-1ACE-4947-9783-3DE641BCD024}.Release|Any CPU.ActiveCfg = Release|Any CPU
		{C0D7672D-1ACE-4947-9783-3DE641BCD024}.Release|Any CPU.Build.0 = Release|Any CPU
	EndGlobalSection
	GlobalSection(SolutionProperties) = preSolution
		HideSolutionNode = FALSE
	EndGlobalSection
	GlobalSection(ExtensibilityGlobals) = postSolution
		SolutionGuid = {E9C2BF5C-BA2E-491F-BA29-86702D10342F}
	EndGlobalSection
EndGlobal
