
Microsoft Visual Studio Solution File, Format Version 12.00
# Visual Studio Version 17
VisualStudioVersion = 17.14.36327.8 d17.14
MinimumVisualStudioVersion = 10.0.40219.1
Project("{FAE04EC0-301F-11D3-BF4B-00C04F79EFBC}") = "15.While7", "15.While7\15.While7.csproj", "{485FD598-D094-4A8F-A1DF-0118EBD9A8E9}"
EndProject
Global
	GlobalSection(SolutionConfigurationPlatforms) = preSolution
		Debug|Any CPU = Debug|Any CPU
		Release|Any CPU = Release|Any CPU
	EndGlobalSection
	GlobalSection(ProjectConfigurationPlatforms) = postSolution
		{485FD598-D094-4A8F-A1DF-0118EBD9A8E9}.Debug|Any CPU.ActiveCfg = Debug|Any CPU
		{485FD598-D094-4A8F-A1DF-0118EBD9A8E9}.Debug|Any CPU.Build.0 = Debug|Any CPU
		{485FD598-D094-4A8F-A1DF-0118EBD9A8E9}.Release|Any CPU.ActiveCfg = Release|Any CPU
		{485FD598-D094-4A8F-A1DF-0118EBD9A8E9}.Release|Any CPU.Build.0 = Release|Any CPU
	EndGlobalSection
	GlobalSection(SolutionProperties) = preSolution
		HideSolutionNode = FALSE
	EndGlobalSection
	GlobalSection(ExtensibilityGlobals) = postSolution
		SolutionGuid = {D0757829-75AF-47E5-A0FB-0942712430A0}
	EndGlobalSection
EndGlobal
