
Microsoft Visual Studio Solution File, Format Version 12.00
# Visual Studio Version 17
VisualStudioVersion = 17.14.36327.8 d17.14
MinimumVisualStudioVersion = 10.0.40219.1
Project("{FAE04EC0-301F-11D3-BF4B-00C04F79EFBC}") = "16.While8", "16.While8\16.While8.csproj", "{B8D62CE8-84D4-482A-82C5-EDE82A13BEC4}"
EndProject
Global
	GlobalSection(SolutionConfigurationPlatforms) = preSolution
		Debug|Any CPU = Debug|Any CPU
		Release|Any CPU = Release|Any CPU
	EndGlobalSection
	GlobalSection(ProjectConfigurationPlatforms) = postSolution
		{B8D62CE8-84D4-482A-82C5-EDE82A13BEC4}.Debug|Any CPU.ActiveCfg = Debug|Any CPU
		{B8D62CE8-84D4-482A-82C5-EDE82A13BEC4}.Debug|Any CPU.Build.0 = Debug|Any CPU
		{B8D62CE8-84D4-482A-82C5-EDE82A13BEC4}.Release|Any CPU.ActiveCfg = Release|Any CPU
		{B8D62CE8-84D4-482A-82C5-EDE82A13BEC4}.Release|Any CPU.Build.0 = Release|Any CPU
	EndGlobalSection
	GlobalSection(SolutionProperties) = preSolution
		HideSolutionNode = FALSE
	EndGlobalSection
	GlobalSection(ExtensibilityGlobals) = postSolution
		SolutionGuid = {3543E4FF-1B0B-4456-90C3-3EA442122735}
	EndGlobalSection
EndGlobal
