
Microsoft Visual Studio Solution File, Format Version 12.00
# Visual Studio Version 17
VisualStudioVersion = 17.14.36327.8 d17.14
MinimumVisualStudioVersion = 10.0.40219.1
Project("{FAE04EC0-301F-11D3-BF4B-00C04F79EFBC}") = "14.While6", "14.While6\14.While6.csproj", "{F491C5CB-14F6-4B2A-8436-E03E108885D6}"
EndProject
Global
	GlobalSection(SolutionConfigurationPlatforms) = preSolution
		Debug|Any CPU = Debug|Any CPU
		Release|Any CPU = Release|Any CPU
	EndGlobalSection
	GlobalSection(ProjectConfigurationPlatforms) = postSolution
		{F491C5CB-14F6-4B2A-8436-E03E108885D6}.Debug|Any CPU.ActiveCfg = Debug|Any CPU
		{F491C5CB-14F6-4B2A-8436-E03E108885D6}.Debug|Any CPU.Build.0 = Debug|Any CPU
		{F491C5CB-14F6-4B2A-8436-E03E108885D6}.Release|Any CPU.ActiveCfg = Release|Any CPU
		{F491C5CB-14F6-4B2A-8436-E03E108885D6}.Release|Any CPU.Build.0 = Release|Any CPU
	EndGlobalSection
	GlobalSection(SolutionProperties) = preSolution
		HideSolutionNode = FALSE
	EndGlobalSection
	GlobalSection(ExtensibilityGlobals) = postSolution
		SolutionGuid = {0D91AE14-A060-49DD-BB4C-BB8D119E67C9}
	EndGlobalSection
EndGlobal
